
Microsoft Visual Studio Solution File, Format Version 12.00
# Visual Studio Version 16
VisualStudioVersion = 16.0.30717.126
MinimumVisualStudioVersion = 10.0.40219.1
Project("{FAE04EC0-301F-11D3-BF4B-00C04F79EFBC}") = "LandonApi", "LandonApi\LandonApi.csproj", "{765F0C7A-6159-4A8C-BCB6-7F636365C163}"
EndProject
Global
	GlobalSection(SolutionConfigurationPlatforms) = preSolution
		Debug|Any CPU = Debug|Any CPU
		Release|Any CPU = Release|Any CPU
	EndGlobalSection
	GlobalSection(ProjectConfigurationPlatforms) = postSolution
		{765F0C7A-6159-4A8C-BCB6-7F636365C163}.Debug|Any CPU.ActiveCfg = Debug|Any CPU
		{765F0C7A-6159-4A8C-BCB6-7F636365C163}.Debug|Any CPU.Build.0 = Debug|Any CPU
		{765F0C7A-6159-4A8C-BCB6-7F636365C163}.Release|Any CPU.ActiveCfg = Release|Any CPU
		{765F0C7A-6159-4A8C-BCB6-7F636365C163}.Release|Any CPU.Build.0 = Release|Any CPU
	EndGlobalSection
	GlobalSection(SolutionProperties) = preSolution
		HideSolutionNode = FALSE
	EndGlobalSection
	GlobalSection(ExtensibilityGlobals) = postSolution
		SolutionGuid = {F52481B2-E2FB-49B0-AD5F-933D1C433550}
	EndGlobalSection
EndGlobal
